
Microsoft Visual Studio Solution File, Format Version 12.00
# Visual Studio Version 17
VisualStudioVersion = 17.9.34414.90
MinimumVisualStudioVersion = 10.0.40219.1
Project("{FAE04EC0-301F-11D3-BF4B-00C04F79EFBC}") = "IdentityApp", "IdentityApp\IdentityApp.csproj", "{C88D9D6E-E3CE-4F54-AD61-CB2C6CC061E1}"
EndProject
Global
	GlobalSection(SolutionConfigurationPlatforms) = preSolution
		Debug|Any CPU = Debug|Any CPU
		Release|Any CPU = Release|Any CPU
	EndGlobalSection
	GlobalSection(ProjectConfigurationPlatforms) = postSolution
		{C88D9D6E-E3CE-4F54-AD61-CB2C6CC061E1}.Debug|Any CPU.ActiveCfg = Debug|Any CPU
		{C88D9D6E-E3CE-4F54-AD61-CB2C6CC061E1}.Debug|Any CPU.Build.0 = Debug|Any CPU
		{C88D9D6E-E3CE-4F54-AD61-CB2C6CC061E1}.Release|Any CPU.ActiveCfg = Release|Any CPU
		{C88D9D6E-E3CE-4F54-AD61-CB2C6CC061E1}.Release|Any CPU.Build.0 = Release|Any CPU
	EndGlobalSection
	GlobalSection(SolutionProperties) = preSolution
		HideSolutionNode = FALSE
	EndGlobalSection
	GlobalSection(ExtensibilityGlobals) = postSolution
		SolutionGuid = {27C55746-C267-42BE-B16E-DA6102EB379D}
	EndGlobalSection
EndGlobal
